<?xml version="1.0" encoding="utf-8"?>
<Project ToolsVersion="4.0" xmlns="http://schemas.microsoft.com/developer/msbuild/2003">
  <ItemGroup>
    <Filter Include="Source Files">
      <UniqueIdentifier>{4FC737F1-C7A5-4376-A066-2A32D752A2FF}</UniqueIdentifier>
      <Extensions>cpp;c;cc;cxx;def;odl;idl;hpj;bat;asm;asmx</Extensions>
    </Filter>
    <Filter Include="Header Files">
      <UniqueIdentifier>{93995380-89BD-4b04-88EB-625FBE52EBFB}</UniqueIdentifier>
      <Extensions>h;hpp;hxx;hm;inl;inc;xsd</Extensions>
    </Filter>
    <Filter Include="Resource Files">
      <UniqueIdentifier>{67DA6AB6-F800-4c08-8B7A-83BB121AAD01}</UniqueIdentifier>
      <Extensions>rc;ico;cur;bmp;dlg;rc2;rct;bin;rgs;gif;jpg;jpeg;jpe;resx;tiff;tif;png;wav;mfcribbon-ms</Extensions>
    </Filter>
    <Filter Include="Source Files\encryption">
      <UniqueIdentifier>{3112dfa8-3f8b-441f-ba97-a079a8306419}</UniqueIdentifier>
    </Filter>
    <Filter Include="Source Files\encryption\sha">
      <UniqueIdentifier>{0cebf2c3-3dc8-4394-907b-d68f2bcebb16}</UniqueIdentifier>
    </Filter>
    <Filter Include="Source Files\bencode">
      <UniqueIdentifier>{91a8c500-4ee2-4863-8633-ba0c04df1e1a}</UniqueIdentifier>
    </Filter>
    <Filter Include="Source Files\bencode\consumer">
      <UniqueIdentifier>{c4005b2c-326f-480d-85f7-5de10248df66}</UniqueIdentifier>
    </Filter>
    <Filter Include="Source Files\bencode\provider">
      <UniqueIdentifier>{605989a5-4b54-4801-98ff-a2fefddbcd18}</UniqueIdentifier>
    </Filter>
    <Filter Include="Source Files\bencode\type">
      <UniqueIdentifier>{b0f3f117-3009-439c-9462-a4cd7c339b05}</UniqueIdentifier>
    </Filter>
    <Filter Include="Source Files\network">
      <UniqueIdentifier>{cfce852c-cafe-4235-a4c9-6260fd21db37}</UniqueIdentifier>
    </Filter>
    <Filter Include="Source Files\network\bittorrent">
      <UniqueIdentifier>{3ada68e0-f622-4b6f-b558-151c5a56c829}</UniqueIdentifier>
    </Filter>
    <Filter Include="Source Files\network\http">
      <UniqueIdentifier>{4d27aa02-1d80-4481-8273-2e459ed7f231}</UniqueIdentifier>
    </Filter>
    <Filter Include="Source Files\network\tcp">
      <UniqueIdentifier>{8f2a6903-8145-4d4d-bd50-b7a289b52fb2}</UniqueIdentifier>
    </Filter>
    <Filter Include="Source Files\network\udp">
      <UniqueIdentifier>{5f16a0b8-a388-477c-b5ea-29921b15fa33}</UniqueIdentifier>
    </Filter>
    <Filter Include="Source Files\network\bittorrent\message">
      <UniqueIdentifier>{7b944688-29dd-4fd6-95bc-134abe5f062b}</UniqueIdentifier>
    </Filter>
    <Filter Include="Source Files\network\bittorrent\piece">
      <UniqueIdentifier>{1ea3bc1f-710b-4a07-be35-9c3113b9c040}</UniqueIdentifier>
    </Filter>
    <Filter Include="Source Files\network\bittorrent\io">
      <UniqueIdentifier>{9e0a312a-7cfb-48cd-b903-c121633bfabf}</UniqueIdentifier>
    </Filter>
    <Filter Include="Source Files\network\bittorrent\peer_wire">
      <UniqueIdentifier>{14ebecfe-598f-40cf-a9d7-495f1a77841a}</UniqueIdentifier>
    </Filter>
  </ItemGroup>
  <ItemGroup>
    <ClInclude Include="network.h">
      <Filter>Source Files\network</Filter>
    </ClInclude>
    <ClInclude Include="encryption\PercentEncoding.h">
      <Filter>Source Files\encryption</Filter>
    </ClInclude>
    <ClInclude Include="encryption\RandomStringGenerator.h">
      <Filter>Source Files\encryption</Filter>
    </ClInclude>
    <ClInclude Include="encryption\sha\BlockProviderInterface.h">
      <Filter>Source Files\encryption\sha</Filter>
    </ClInclude>
    <ClInclude Include="encryption\sha\BlockStreamProvider.h">
      <Filter>Source Files\encryption\sha</Filter>
    </ClInclude>
    <ClInclude Include="encryption\sha\BlockStringProvider.h">
      <Filter>Source Files\encryption\sha</Filter>
    </ClInclude>
    <ClInclude Include="encryption\sha\BlockVectorProvider.h">
      <Filter>Source Files\encryption\sha</Filter>
    </ClInclude>
    <ClInclude Include="encryption\sha\SecureHashAlgorithm.h">
      <Filter>Source Files\encryption\sha</Filter>
    </ClInclude>
    <ClInclude Include="encryption\sha.h">
      <Filter>Source Files\encryption</Filter>
    </ClInclude>
    <ClInclude Include="encryption.h">
      <Filter>Source Files</Filter>
    </ClInclude>
    <ClInclude Include="encryption\Converter.h">
      <Filter>Source Files\encryption</Filter>
    </ClInclude>
    <ClInclude Include="network\bittorrent\piece\PieceControl.h">
      <Filter>Source Files\network\bittorrent\piece</Filter>
    </ClInclude>
    <ClInclude Include="network\bittorrent\piece\TorrentPiece.h">
      <Filter>Source Files\network\bittorrent\piece</Filter>
    </ClInclude>
    <ClInclude Include="network\bittorrent\message\BitField.h">
      <Filter>Source Files\network\bittorrent\message</Filter>
    </ClInclude>
    <ClInclude Include="network\bittorrent\message\Cancel.h">
      <Filter>Source Files\network\bittorrent\message</Filter>
    </ClInclude>
    <ClInclude Include="network\bittorrent\message\Choke.h">
      <Filter>Source Files\network\bittorrent\message</Filter>
    </ClInclude>
    <ClInclude Include="network\bittorrent\message\Handshake.h">
      <Filter>Source Files\network\bittorrent\message</Filter>
    </ClInclude>
    <ClInclude Include="network\bittorrent\message\Have.h">
      <Filter>Source Files\network\bittorrent\message</Filter>
    </ClInclude>
    <ClInclude Include="network\bittorrent\message\KeepAlive.h">
      <Filter>Source Files\network\bittorrent\message</Filter>
    </ClInclude>
    <ClInclude Include="network\bittorrent\message\Interested.h">
      <Filter>Source Files\network\bittorrent\message</Filter>
    </ClInclude>
    <ClInclude Include="network\bittorrent\message\NotInterested.h">
      <Filter>Source Files\network\bittorrent\message</Filter>
    </ClInclude>
    <ClInclude Include="network\bittorrent\message\Piece.h">
      <Filter>Source Files\network\bittorrent\message</Filter>
    </ClInclude>
    <ClInclude Include="network\bittorrent\message\Request.h">
      <Filter>Source Files\network\bittorrent\message</Filter>
    </ClInclude>
    <ClInclude Include="network\bittorrent\message\Unchoke.h">
      <Filter>Source Files\network\bittorrent\message</Filter>
    </ClInclude>
    <ClInclude Include="network\bittorrent\message.h">
      <Filter>Source Files\network\bittorrent</Filter>
    </ClInclude>
    <ClInclude Include="network\bittorrent\piece.h">
      <Filter>Source Files\network\bittorrent</Filter>
    </ClInclude>
    <ClInclude Include="network\bittorrent.h">
      <Filter>Source Files\network</Filter>
    </ClInclude>
    <ClInclude Include="network\bittorrent\io\FinalFile.h">
      <Filter>Source Files\network\bittorrent\io</Filter>
    </ClInclude>
    <ClInclude Include="network\bittorrent\io\LoadAdapter.h">
      <Filter>Source Files\network\bittorrent\io</Filter>
    </ClInclude>
    <ClInclude Include="network\http\HttpAddressParser.h">
      <Filter>Source Files\network\http</Filter>
    </ClInclude>
    <ClInclude Include="network\http\HttpParser.h">
      <Filter>Source Files\network\http</Filter>
    </ClInclude>
    <ClInclude Include="network\http\HttpProtocol.h">
      <Filter>Source Files\network\http</Filter>
    </ClInclude>
    <ClInclude Include="network\tcp\TcpProtocol.h">
      <Filter>Source Files\network\tcp</Filter>
    </ClInclude>
    <ClInclude Include="network\udp\UdpProtocol.h">
      <Filter>Source Files\network\udp</Filter>
    </ClInclude>
    <ClInclude Include="network\ResponsibleInterface.h">
      <Filter>Source Files\network</Filter>
    </ClInclude>
    <ClInclude Include="network\bittorrent\message\MessageInterface.h">
      <Filter>Source Files\network\bittorrent\message</Filter>
    </ClInclude>
    <ClInclude Include="network\bittorrent\io.h">
      <Filter>Source Files\network\bittorrent</Filter>
    </ClInclude>
    <ClInclude Include="network\tcp.h">
      <Filter>Source Files\network</Filter>
    </ClInclude>
    <ClInclude Include="network\http.h">
      <Filter>Source Files\network</Filter>
    </ClInclude>
    <ClInclude Include="network\udp.h">
      <Filter>Source Files\network</Filter>
    </ClInclude>
    <ClInclude Include="network\bittorrent\BitTorrentProtocol.h">
      <Filter>Source Files\network\bittorrent</Filter>
    </ClInclude>
    <ClInclude Include="network\bittorrent\TrackerResponseParser.h">
      <Filter>Source Files\network\bittorrent</Filter>
    </ClInclude>
    <ClInclude Include="network\bittorrent\TorrentFileParser.h">
      <Filter>Source Files\network\bittorrent</Filter>
    </ClInclude>
    <ClInclude Include="network\bittorrent\peer_wire\Peer.h">
      <Filter>Source Files\network\bittorrent\peer_wire</Filter>
    </ClInclude>
    <ClInclude Include="network\bittorrent\peer_wire\PeerParser.h">
      <Filter>Source Files\network\bittorrent\peer_wire</Filter>
    </ClInclude>
    <ClInclude Include="network\bittorrent\peer_wire\PeerWireProtocol.h">
      <Filter>Source Files\network\bittorrent\peer_wire</Filter>
    </ClInclude>
    <ClInclude Include="network\bittorrent\peer_wire.h">
      <Filter>Source Files\network\bittorrent</Filter>
    </ClInclude>
    <ClInclude Include="bencode\consumer\BencodeConsumerInterface.h">
      <Filter>Source Files\bencode\consumer</Filter>
    </ClInclude>
    <ClInclude Include="bencode\consumer\BencodeStreamConsumer.h">
      <Filter>Source Files\bencode\consumer</Filter>
    </ClInclude>
    <ClInclude Include="bencode\consumer\BencodeStringConsumer.h">
      <Filter>Source Files\bencode\consumer</Filter>
    </ClInclude>
    <ClInclude Include="bencode\consumer\BencodeVectorConsumer.h">
      <Filter>Source Files\bencode\consumer</Filter>
    </ClInclude>
    <ClInclude Include="bencode\provider\BencodeProviderInterface.h">
      <Filter>Source Files\bencode\provider</Filter>
    </ClInclude>
    <ClInclude Include="bencode\provider\BencodeStreamProvider.h">
      <Filter>Source Files\bencode\provider</Filter>
    </ClInclude>
    <ClInclude Include="bencode\provider\BencodeVectorProvider.h">
      <Filter>Source Files\bencode\provider</Filter>
    </ClInclude>
    <ClInclude Include="bencode\type\BencodeComparator.h">
      <Filter>Source Files\bencode\type</Filter>
    </ClInclude>
    <ClInclude Include="bencode\type\BencodeDictionary.h">
      <Filter>Source Files\bencode\type</Filter>
    </ClInclude>
    <ClInclude Include="bencode\type\BencodeElement.h">
      <Filter>Source Files\bencode\type</Filter>
    </ClInclude>
    <ClInclude Include="bencode\type\BencodeInteger.h">
      <Filter>Source Files\bencode\type</Filter>
    </ClInclude>
    <ClInclude Include="bencode\type\BencodeList.h">
      <Filter>Source Files\bencode\type</Filter>
    </ClInclude>
    <ClInclude Include="bencode\type\BencodeString.h">
      <Filter>Source Files\bencode\type</Filter>
    </ClInclude>
    <ClInclude Include="bencode\BencodeParser.h">
      <Filter>Source Files\bencode</Filter>
    </ClInclude>
    <ClInclude Include="bencode\consumer.h">
      <Filter>Source Files\bencode</Filter>
    </ClInclude>
    <ClInclude Include="bencode\provider.h">
      <Filter>Source Files\bencode</Filter>
    </ClInclude>
    <ClInclude Include="bencode\type.h">
      <Filter>Source Files\bencode</Filter>
    </ClInclude>
    <ClInclude Include="bencode.h">
      <Filter>Source Files</Filter>
    </ClInclude>
    <ClInclude Include="network\bittorrent\io\NotifiableInterface.h">
      <Filter>Source Files\network\bittorrent\io</Filter>
    </ClInclude>
  </ItemGroup>
  <ItemGroup>
    <ClCompile Include="main.cpp">
      <Filter>Source Files</Filter>
    </ClCompile>
    <ClCompile Include="encryption\PercentEncoding.cpp">
      <Filter>Source Files\encryption</Filter>
    </ClCompile>
    <ClCompile Include="encryption\RandomStringGenerator.cpp">
      <Filter>Source Files\encryption</Filter>
    </ClCompile>
    <ClCompile Include="encryption\sha\BlockStreamProvider.cpp">
      <Filter>Source Files\encryption\sha</Filter>
    </ClCompile>
    <ClCompile Include="encryption\sha\BlockStringProvider.cpp">
      <Filter>Source Files\encryption\sha</Filter>
    </ClCompile>
    <ClCompile Include="encryption\sha\BlockVectorProvider.cpp">
      <Filter>Source Files\encryption\sha</Filter>
    </ClCompile>
    <ClCompile Include="encryption\sha\SequreHashAlgorithm.cpp">
      <Filter>Source Files\encryption\sha</Filter>
    </ClCompile>
    <ClCompile Include="encryption\Converter.cpp">
      <Filter>Source Files\encryption</Filter>
    </ClCompile>
    <ClCompile Include="network\bittorrent\piece\PieceControl.cpp">
      <Filter>Source Files\network\bittorrent\piece</Filter>
    </ClCompile>
    <ClCompile Include="network\bittorrent\piece\TorrentPiece.cpp">
      <Filter>Source Files\network\bittorrent\piece</Filter>
    </ClCompile>
    <ClCompile Include="network\bittorrent\message\BitField.cpp">
      <Filter>Source Files\network\bittorrent\message</Filter>
    </ClCompile>
    <ClCompile Include="network\bittorrent\message\Cancel.cpp">
      <Filter>Source Files\network\bittorrent\message</Filter>
    </ClCompile>
    <ClCompile Include="network\bittorrent\message\Choke.cpp">
      <Filter>Source Files\network\bittorrent\message</Filter>
    </ClCompile>
    <ClCompile Include="network\bittorrent\message\Handshake.cpp">
      <Filter>Source Files\network\bittorrent\message</Filter>
    </ClCompile>
    <ClCompile Include="network\bittorrent\message\Have.cpp">
      <Filter>Source Files\network\bittorrent\message</Filter>
    </ClCompile>
    <ClCompile Include="network\bittorrent\message\KeepAlive.cpp">
      <Filter>Source Files\network\bittorrent\message</Filter>
    </ClCompile>
    <ClCompile Include="network\bittorrent\message\Interested.cpp">
      <Filter>Source Files\network\bittorrent\message</Filter>
    </ClCompile>
    <ClCompile Include="network\bittorrent\message\NotInterested.cpp">
      <Filter>Source Files\network\bittorrent\message</Filter>
    </ClCompile>
    <ClCompile Include="network\bittorrent\message\Piece.cpp">
      <Filter>Source Files\network\bittorrent\message</Filter>
    </ClCompile>
    <ClCompile Include="network\bittorrent\message\Request.cpp">
      <Filter>Source Files\network\bittorrent\message</Filter>
    </ClCompile>
    <ClCompile Include="network\bittorrent\message\Unchoke.cpp">
      <Filter>Source Files\network\bittorrent\message</Filter>
    </ClCompile>
    <ClCompile Include="network\bittorrent\io\FinalFile.cpp">
      <Filter>Source Files\network\bittorrent\io</Filter>
    </ClCompile>
    <ClCompile Include="network\bittorrent\io\LoadAdapter.cpp">
      <Filter>Source Files\network\bittorrent\io</Filter>
    </ClCompile>
    <ClCompile Include="network\http\HttpAddressParser.cpp">
      <Filter>Source Files\network\http</Filter>
    </ClCompile>
    <ClCompile Include="network\http\HttpParser.cpp">
      <Filter>Source Files\network\http</Filter>
    </ClCompile>
    <ClCompile Include="network\http\HttpProtocol.cpp">
      <Filter>Source Files\network\http</Filter>
    </ClCompile>
    <ClCompile Include="network\tcp\TcpProtocol.cpp">
      <Filter>Source Files\network\tcp</Filter>
    </ClCompile>
    <ClCompile Include="network\udp\UdpProtocol.cpp">
      <Filter>Source Files\network\udp</Filter>
    </ClCompile>
    <ClCompile Include="network\bittorrent\BitTorrentProtocol.cpp">
      <Filter>Source Files\network\bittorrent</Filter>
    </ClCompile>
    <ClCompile Include="network\bittorrent\TrackerResponseParser.cpp">
      <Filter>Source Files\network\bittorrent</Filter>
    </ClCompile>
    <ClCompile Include="network\bittorrent\TorrentFileParser.cpp">
      <Filter>Source Files\network\bittorrent</Filter>
    </ClCompile>
    <ClCompile Include="network\bittorrent\peer_wire\Peer.cpp">
      <Filter>Source Files\network\bittorrent\peer_wire</Filter>
    </ClCompile>
    <ClCompile Include="network\bittorrent\peer_wire\PeerParser.cpp">
      <Filter>Source Files\network\bittorrent\peer_wire</Filter>
    </ClCompile>
    <ClCompile Include="network\bittorrent\peer_wire\PeerWireProtocol.cpp">
      <Filter>Source Files\network\bittorrent\peer_wire</Filter>
    </ClCompile>
    <ClCompile Include="bencode\consumer\BencodeStreamConsumer.cpp">
      <Filter>Source Files\bencode\consumer</Filter>
    </ClCompile>
    <ClCompile Include="bencode\consumer\BencodeStringConsumer.cpp">
      <Filter>Source Files\bencode\consumer</Filter>
    </ClCompile>
    <ClCompile Include="bencode\consumer\BencodeVectorConsumer.cpp">
      <Filter>Source Files\bencode\consumer</Filter>
    </ClCompile>
    <ClCompile Include="bencode\provider\BencodeStreamProvider.cpp">
      <Filter>Source Files\bencode\provider</Filter>
    </ClCompile>
    <ClCompile Include="bencode\provider\BencodeVectorProvider.cpp">
      <Filter>Source Files\bencode\provider</Filter>
    </ClCompile>
    <ClCompile Include="bencode\type\BencodeDictionary.cpp">
      <Filter>Source Files\bencode\type</Filter>
    </ClCompile>
    <ClCompile Include="bencode\type\BencodeElement.cpp">
      <Filter>Source Files\bencode\type</Filter>
    </ClCompile>
    <ClCompile Include="bencode\type\BencodeInteger.cpp">
      <Filter>Source Files\bencode\type</Filter>
    </ClCompile>
    <ClCompile Include="bencode\type\BencodeList.cpp">
      <Filter>Source Files\bencode\type</Filter>
    </ClCompile>
    <ClCompile Include="bencode\type\BencodeString.cpp">
      <Filter>Source Files\bencode\type</Filter>
    </ClCompile>
    <ClCompile Include="bencode\BencodeParser.cpp">
      <Filter>Source Files\bencode</Filter>
    </ClCompile>
  </ItemGroup>
</Project>